// !$*UTF8*$!
{
	archiveVersion = 1;
	classes = {
	};
	objectVersion = 55;
	objects = {

/* Begin PBXBuildFile section */
		E10BDDB628C5E25C00B21396 /* AppDelegate.swift in Sources */ = {isa = PBXBuildFile; fileRef = E10BDDB528C5E25C00B21396 /* AppDelegate.swift */; };
		E10BDDB828C5E25C00B21396 /* SceneDelegate.swift in Sources */ = {isa = PBXBuildFile; fileRef = E10BDDB728C5E25C00B21396 /* SceneDelegate.swift */; };
		E10BDDBA28C5E25C00B21396 /* ViewController.swift in Sources */ = {isa = PBXBuildFile; fileRef = E10BDDB928C5E25C00B21396 /* ViewController.swift */; };
		E10BDDBD28C5E25C00B21396 /* Main.storyboard in Resources */ = {isa = PBXBuildFile; fileRef = E10BDDBB28C5E25C00B21396 /* Main.storyboard */; };
		E10BDDBF28C5E26500B21396 /* Assets.xcassets in Resources */ = {isa = PBXBuildFile; fileRef = E10BDDBE28C5E26500B21396 /* Assets.xcassets */; };
		E10BDDC228C5E26500B21396 /* LaunchScreen.storyboard in Resources */ = {isa = PBXBuildFile; fileRef = E10BDDC028C5E26500B21396 /* LaunchScreen.storyboard */; };
		E10BDDCA28C5F13D00B21396 /* MobileStorage.swift in Sources */ = {isa = PBXBuildFile; fileRef = E10BDDC928C5F13D00B21396 /* MobileStorage.swift */; };
		E10BDDCC28C5F17E00B21396 /* Mobile.swift in Sources */ = {isa = PBXBuildFile; fileRef = E10BDDCB28C5F17E00B21396 /* Mobile.swift */; };
		E10BDDD328C6016B00B21396 /* UIStacViewExtension.swift in Sources */ = {isa = PBXBuildFile; fileRef = E10BDDD228C6016B00B21396 /* UIStacViewExtension.swift */; };
		E10BDDDB28C7392E00B21396 /* Errors.swift in Sources */ = {isa = PBXBuildFile; fileRef = E10BDDDA28C7392E00B21396 /* Errors.swift */; };
/* End PBXBuildFile section */

/* Begin PBXFileReference section */
		E10BDDB228C5E25C00B21396 /* TestTask.app */ = {isa = PBXFileReference; explicitFileType = wrapper.application; includeInIndex = 0; path = TestTask.app; sourceTree = BUILT_PRODUCTS_DIR; };
		E10BDDB528C5E25C00B21396 /* AppDelegate.swift */ = {isa = PBXFileReference; lastKnownFileType = sourcecode.swift; path = AppDelegate.swift; sourceTree = "<group>"; };
		E10BDDB728C5E25C00B21396 /* SceneDelegate.swift */ = {isa = PBXFileReference; lastKnownFileType = sourcecode.swift; path = SceneDelegate.swift; sourceTree = "<group>"; };
		E10BDDB928C5E25C00B21396 /* ViewController.swift */ = {isa = PBXFileReference; lastKnownFileType = sourcecode.swift; path = ViewController.swift; sourceTree = "<group>"; };
		E10BDDBC28C5E25C00B21396 /* Base */ = {isa = PBXFileReference; lastKnownFileType = file.storyboard; name = Base; path = Base.lproj/Main.storyboard; sourceTree = "<group>"; };
		E10BDDBE28C5E26500B21396 /* Assets.xcassets */ = {isa = PBXFileReference; lastKnownFileType = folder.assetcatalog; path = Assets.xcassets; sourceTree = "<group>"; };
		E10BDDC128C5E26500B21396 /* Base */ = {isa = PBXFileReference; lastKnownFileType = file.storyboard; name = Base; path = Base.lproj/LaunchScreen.storyboard; sourceTree = "<group>"; };
		E10BDDC328C5E26500B21396 /* Info.plist */ = {isa = PBXFileReference; lastKnownFileType = text.plist.xml; path = Info.plist; sourceTree = "<group>"; };
		E10BDDC928C5F13D00B21396 /* MobileStorage.swift */ = {isa = PBXFileReference; lastKnownFileType = sourcecode.swift; path = MobileStorage.swift; sourceTree = "<group>"; };
		E10BDDCB28C5F17E00B21396 /* Mobile.swift */ = {isa = PBXFileReference; lastKnownFileType = sourcecode.swift; path = Mobile.swift; sourceTree = "<group>"; };
		E10BDDD228C6016B00B21396 /* UIStacViewExtension.swift */ = {isa = PBXFileReference; lastKnownFileType = sourcecode.swift; path = UIStacViewExtension.swift; sourceTree = "<group>"; };
		E10BDDDA28C7392E00B21396 /* Errors.swift */ = {isa = PBXFileReference; lastKnownFileType = sourcecode.swift; path = Errors.swift; sourceTree = "<group>"; };
/* End PBXFileReference section */

/* Begin PBXFrameworksBuildPhase section */
		E10BDDAF28C5E25C00B21396 /* Frameworks */ = {
			isa = PBXFrameworksBuildPhase;
			buildActionMask = 2147483647;
			files = (
			);
			runOnlyForDeploymentPostprocessing = 0;
		};
/* End PBXFrameworksBuildPhase section */

/* Begin PBXGroup section */
		E10BDDA928C5E25C00B21396 = {
			isa = PBXGroup;
			children = (
				E10BDDB428C5E25C00B21396 /* TestTask */,
				E10BDDB328C5E25C00B21396 /* Products */,
			);
			sourceTree = "<group>";
		};
		E10BDDB328C5E25C00B21396 /* Products */ = {
			isa = PBXGroup;
			children = (
				E10BDDB228C5E25C00B21396 /* TestTask.app */,
			);
			name = Products;
			sourceTree = "<group>";
		};
		E10BDDB428C5E25C00B21396 /* TestTask */ = {
			isa = PBXGroup;
			children = (
				E10BDDD028C5F1C300B21396 /* App */,
				E10BDDCE28C5F1A900B21396 /* Model */,
				E10BDDCD28C5F19C00B21396 /* Protocols */,
				E10BDDCF28C5F1B800B21396 /* Controllers */,
				E10BDDD128C6014C00B21396 /* Extensions */,
				E10BDDD928C7391B00B21396 /* Errors */,
				E10BDDBB28C5E25C00B21396 /* Main.storyboard */,
				E10BDDBE28C5E26500B21396 /* Assets.xcassets */,
				E10BDDC028C5E26500B21396 /* LaunchScreen.storyboard */,
				E10BDDC328C5E26500B21396 /* Info.plist */,
			);
			path = TestTask;
			sourceTree = "<group>";
		};
		E10BDDCD28C5F19C00B21396 /* Protocols */ = {
			isa = PBXGroup;
			children = (
				E10BDDC928C5F13D00B21396 /* MobileStorage.swift */,
			);
			path = Protocols;
			sourceTree = "<group>";
		};
		E10BDDCE28C5F1A900B21396 /* Model */ = {
			isa = PBXGroup;
			children = (
				E10BDDCB28C5F17E00B21396 /* Mobile.swift */,
			);
			path = Model;
			sourceTree = "<group>";
		};
		E10BDDCF28C5F1B800B21396 /* Controllers */ = {
			isa = PBXGroup;
			children = (
				E10BDDB928C5E25C00B21396 /* ViewController.swift */,
			);
			path = Controllers;
			sourceTree = "<group>";
		};
		E10BDDD028C5F1C300B21396 /* App */ = {
			isa = PBXGroup;
			children = (
				E10BDDB528C5E25C00B21396 /* AppDelegate.swift */,
				E10BDDB728C5E25C00B21396 /* SceneDelegate.swift */,
			);
			path = App;
			sourceTree = "<group>";
		};
		E10BDDD128C6014C00B21396 /* Extensions */ = {
			isa = PBXGroup;
			children = (
				E10BDDD228C6016B00B21396 /* UIStacViewExtension.swift */,
			);
			path = Extensions;
			sourceTree = "<group>";
		};
		E10BDDD928C7391B00B21396 /* Errors */ = {
			isa = PBXGroup;
			children = (
				E10BDDDA28C7392E00B21396 /* Errors.swift */,
			);
			path = Errors;
			sourceTree = "<group>";
		};
/* End PBXGroup section */

/* Begin PBXNativeTarget section */
		E10BDDB128C5E25C00B21396 /* TestTask */ = {
			isa = PBXNativeTarget;
			buildConfigurationList = E10BDDC628C5E26500B21396 /* Build configuration list for PBXNativeTarget "TestTask" */;
			buildPhases = (
				E10BDDAE28C5E25C00B21396 /* Sources */,
				E10BDDAF28C5E25C00B21396 /* Frameworks */,
				E10BDDB028C5E25C00B21396 /* Resources */,
			);
			buildRules = (
			);
			dependencies = (
			);
			name = TestTask;
			productName = TestTask;
			productReference = E10BDDB228C5E25C00B21396 /* TestTask.app */;
			productType = "com.apple.product-type.application";
		};
/* End PBXNativeTarget section */

/* Begin PBXProject section */
		E10BDDAA28C5E25C00B21396 /* Project object */ = {
			isa = PBXProject;
			attributes = {
				BuildIndependentTargetsInParallel = 1;
				LastSwiftUpdateCheck = 1340;
				LastUpgradeCheck = 1340;
				TargetAttributes = {
					E10BDDB128C5E25C00B21396 = {
						CreatedOnToolsVersion = 13.4.1;
					};
				};
			};
			buildConfigurationList = E10BDDAD28C5E25C00B21396 /* Build configuration list for PBXProject "TestTask" */;
			compatibilityVersion = "Xcode 13.0";
			developmentRegion = en;
			hasScannedForEncodings = 0;
			knownRegions = (
				en,
				Base,
			);
			mainGroup = E10BDDA928C5E25C00B21396;
			productRefGroup = E10BDDB328C5E25C00B21396 /* Products */;
			projectDirPath = "";
			projectRoot = "";
			targets = (
				E10BDDB128C5E25C00B21396 /* TestTask */,
			);
		};
/* End PBXProject section */

/* Begin PBXResourcesBuildPhase section */
		E10BDDB028C5E25C00B21396 /* Resources */ = {
			isa = PBXResourcesBuildPhase;
			buildActionMask = 2147483647;
			files = (
				E10BDDC228C5E26500B21396 /* LaunchScreen.storyboard in Resources */,
				E10BDDBF28C5E26500B21396 /* Assets.xcassets in Resources */,
				E10BDDBD28C5E25C00B21396 /* Main.storyboard in Resources */,
			);
			runOnlyForDeploymentPostprocessing = 0;
		};
/* End PBXResourcesBuildPhase section */

/* Begin PBXSourcesBuildPhase section */
		E10BDDAE28C5E25C00B21396 /* Sources */ = {
			isa = PBXSourcesBuildPhase;
			buildActionMask = 2147483647;
			files = (
				E10BDDCC28C5F17E00B21396 /* Mobile.swift in Sources */,
				E10BDDD328C6016B00B21396 /* UIStacViewExtension.swift in Sources */,
				E10BDDBA28C5E25C00B21396 /* ViewController.swift in Sources */,
				E10BDDB628C5E25C00B21396 /* AppDelegate.swift in Sources */,
				E10BDDDB28C7392E00B21396 /* Errors.swift in Sources */,
				E10BDDB828C5E25C00B21396 /* SceneDelegate.swift in Sources */,
				E10BDDCA28C5F13D00B21396 /* MobileStorage.swift in Sources */,
			);
			runOnlyForDeploymentPostprocessing = 0;
		};
/* End PBXSourcesBuildPhase section */

/* Begin PBXVariantGroup section */
		E10BDDBB28C5E25C00B21396 /* Main.storyboard */ = {
			isa = PBXVariantGroup;
			children = (
				E10BDDBC28C5E25C00B21396 /* Base */,
			);
			name = Main.storyboard;
			sourceTree = "<group>";
		};
		E10BDDC028C5E26500B21396 /* LaunchScreen.storyboard */ = {
			isa = PBXVariantGroup;
			children = (
				E10BDDC128C5E26500B21396 /* Base */,
			);
			name = LaunchScreen.storyboard;
			sourceTree = "<group>";
		};
/* End PBXVariantGroup section */

/* Begin XCBuildConfiguration section */
		E10BDDC428C5E26500B21396 /* Debug */ = {
			isa = XCBuildConfiguration;
			buildSettings = {
				ALWAYS_SEARCH_USER_PATHS = NO;
				CLANG_ANALYZER_NONNULL = YES;
				CLANG_ANALYZER_NUMBER_OBJECT_CONVERSION = YES_AGGRESSIVE;
				CLANG_CXX_LANGUAGE_STANDARD = "gnu++17";
				CLANG_ENABLE_MODULES = YES;
				CLANG_ENABLE_OBJC_ARC = YES;
				CLANG_ENABLE_OBJC_WEAK = YES;
				CLANG_WARN_BLOCK_CAPTURE_AUTORELEASING = YES;
				CLANG_WARN_BOOL_CONVERSION = YES;
				CLANG_WARN_COMMA = YES;
				CLANG_WARN_CONSTANT_CONVERSION = YES;
				CLANG_WARN_DEPRECATED_OBJC_IMPLEMENTATIONS = YES;
				CLANG_WARN_DIRECT_OBJC_ISA_USAGE = YES_ERROR;
				CLANG_WARN_DOCUMENTATION_COMMENTS = YES;
				CLANG_WARN_EMPTY_BODY = YES;
				CLANG_WARN_ENUM_CONVERSION = YES;
				CLANG_WARN_INFINITE_RECURSION = YES;
				CLANG_WARN_INT_CONVERSION = YES;
				CLANG_WARN_NON_LITERAL_NULL_CONVERSION = YES;
				CLANG_WARN_OBJC_IMPLICIT_RETAIN_SELF = YES;
				CLANG_WARN_OBJC_LITERAL_CONVERSION = YES;
				CLANG_WARN_OBJC_ROOT_CLASS = YES_ERROR;
				CLANG_WARN_QUOTED_INCLUDE_IN_FRAMEWORK_HEADER = YES;
				CLANG_WARN_RANGE_LOOP_ANALYSIS = YES;
				CLANG_WARN_STRICT_PROTOTYPES = YES;
				CLANG_WARN_SUSPICIOUS_MOVE = YES;
				CLANG_WARN_UNGUARDED_AVAILABILITY = YES_AGGRESSIVE;
				CLANG_WARN_UNREACHABLE_CODE = YES;
				CLANG_WARN__DUPLICATE_METHOD_MATCH = YES;
				COPY_PHASE_STRIP = NO;
				DEBUG_INFORMATION_FORMAT = dwarf;
				ENABLE_STRICT_OBJC_MSGSEND = YES;
				ENABLE_TESTABILITY = YES;
				GCC_C_LANGUAGE_STANDARD = gnu11;
				GCC_DYNAMIC_NO_PIC = NO;
				GCC_NO_COMMON_BLOCKS = YES;
				GCC_OPTIMIZATION_LEVEL = 0;
				GCC_PREPROCESSOR_DEFINITIONS = (
					"DEBUG=1",
					"$(inherited)",
				);
				GCC_WARN_64_TO_32_BIT_CONVERSION = YES;
				GCC_WARN_ABOUT_RETURN_TYPE = YES_ERROR;
				GCC_WARN_UNDECLARED_SELECTOR = YES;
				GCC_WARN_UNINITIALIZED_AUTOS = YES_AGGRESSIVE;
				GCC_WARN_UNUSED_FUNCTION = YES;
				GCC_WARN_UNUSED_VARIABLE = YES;
				IPHONEOS_DEPLOYMENT_TARGET = 15.5;
				MTL_ENABLE_DEBUG_INFO = INCLUDE_SOURCE;
				MTL_FAST_MATH = YES;
				ONLY_ACTIVE_ARCH = YES;
				SDKROOT = iphoneos;
				SWIFT_ACTIVE_COMPILATION_CONDITIONS = DEBUG;
				SWIFT_OPTIMIZATION_LEVEL = "-Onone";
			};
			name = Debug;
		};
		E10BDDC528C5E26500B21396 /* Release */ = {
			isa = XCBuildConfiguration;
			buildSettings = {
				ALWAYS_SEARCH_USER_PATHS = NO;
				CLANG_ANALYZER_NONNULL = YES;
				CLANG_ANALYZER_NUMBER_OBJECT_CONVERSION = YES_AGGRESSIVE;
				CLANG_CXX_LANGUAGE_STANDARD = "gnu++17";
				CLANG_ENABLE_MODULES = YES;
				CLANG_ENABLE_OBJC_ARC = YES;
				CLANG_ENABLE_OBJC_WEAK = YES;
				CLANG_WARN_BLOCK_CAPTURE_AUTORELEASING = YES;
				CLANG_WARN_BOOL_CONVERSION = YES;
				CLANG_WARN_COMMA = YES;
				CLANG_WARN_CONSTANT_CONVERSION = YES;
				CLANG_WARN_DEPRECATED_OBJC_IMPLEMENTATIONS = YES;
				CLANG_WARN_DIRECT_OBJC_ISA_USAGE = YES_ERROR;
				CLANG_WARN_DOCUMENTATION_COMMENTS = YES;
				CLANG_WARN_EMPTY_BODY = YES;
				CLANG_WARN_ENUM_CONVERSION = YES;
				CLANG_WARN_INFINITE_RECURSION = YES;
				CLANG_WARN_INT_CONVERSION = YES;
				CLANG_WARN_NON_LITERAL_NULL_CONVERSION = YES;
				CLANG_WARN_OBJC_IMPLICIT_RETAIN_SELF = YES;
				CLANG_WARN_OBJC_LITERAL_CONVERSION = YES;
				CLANG_WARN_OBJC_ROOT_CLASS = YES_ERROR;
				CLANG_WARN_QUOTED_INCLUDE_IN_FRAMEWORK_HEADER = YES;
				CLANG_WARN_RANGE_LOOP_ANALYSIS = YES;
				CLANG_WARN_STRICT_PROTOTYPES = YES;
				CLANG_WARN_SUSPICIOUS_MOVE = YES;
				CLANG_WARN_UNGUARDED_AVAILABILITY = YES_AGGRESSIVE;
				CLANG_WARN_UNREACHABLE_CODE = YES;
				CLANG_WARN__DUPLICATE_METHOD_MATCH = YES;
				COPY_PHASE_STRIP = NO;
				DEBUG_INFORMATION_FORMAT = "dwarf-with-dsym";
				ENABLE_NS_ASSERTIONS = NO;
				ENABLE_STRICT_OBJC_MSGSEND = YES;
				GCC_C_LANGUAGE_STANDARD = gnu11;
				GCC_NO_COMMON_BLOCKS = YES;
				GCC_WARN_64_TO_32_BIT_CONVERSION = YES;
				GCC_WARN_ABOUT_RETURN_TYPE = YES_ERROR;
				GCC_WARN_UNDECLARED_SELECTOR = YES;
				GCC_WARN_UNINITIALIZED_AUTOS = YES_AGGRESSIVE;
				GCC_WARN_UNUSED_FUNCTION = YES;
				GCC_WARN_UNUSED_VARIABLE = YES;
				IPHONEOS_DEPLOYMENT_TARGET = 15.5;
				MTL_ENABLE_DEBUG_INFO = NO;
				MTL_FAST_MATH = YES;
				SDKROOT = iphoneos;
				SWIFT_COMPILATION_MODE = wholemodule;
				SWIFT_OPTIMIZATION_LEVEL = "-O";
				VALIDATE_PRODUCT = YES;
			};
			name = Release;
		};
		E10BDDC728C5E26500B21396 /* Debug */ = {
			isa = XCBuildConfiguration;
			buildSettings = {
				ASSETCATALOG_COMPILER_APPICON_NAME = AppIcon;
				ASSETCATALOG_COMPILER_GLOBAL_ACCENT_COLOR_NAME = AccentColor;
				CODE_SIGN_STYLE = Automatic;
				CURRENT_PROJECT_VERSION = 1;
				GENERATE_INFOPLIST_FILE = YES;
				INFOPLIST_FILE = TestTask/Info.plist;
				INFOPLIST_KEY_UIApplicationSupportsIndirectInputEvents = YES;
				INFOPLIST_KEY_UILaunchStoryboardName = LaunchScreen;
				INFOPLIST_KEY_UIMainStoryboardFile = Main;
				INFOPLIST_KEY_UISupportedInterfaceOrientations_iPad = "UIInterfaceOrientationPortrait UIInterfaceOrientationPortraitUpsideDown UIInterfaceOrientationLandscapeLeft UIInterfaceOrientationLandscapeRight";
				INFOPLIST_KEY_UISupportedInterfaceOrientations_iPhone = "UIInterfaceOrientationPortrait UIInterfaceOrientationLandscapeLeft UIInterfaceOrientationLandscapeRight";
				LD_RUNPATH_SEARCH_PATHS = (
					"$(inherited)",
					"@executable_path/Frameworks",
				);
				MARKETING_VERSION = 1.0;
				PRODUCT_BUNDLE_IDENTIFIER = "Konstantin-Kamenchukov.TestTask";
				PRODUCT_NAME = "$(TARGET_NAME)";
				SWIFT_EMIT_LOC_STRINGS = YES;
				SWIFT_VERSION = 5.0;
				TARGETED_DEVICE_FAMILY = "1,2";
			};
			name = Debug;
		};
		E10BDDC828C5E26500B21396 /* Release */ = {
			isa = XCBuildConfiguration;
			buildSettings = {
				ASSETCATALOG_COMPILER_APPICON_NAME = AppIcon;
				ASSETCATALOG_COMPILER_GLOBAL_ACCENT_COLOR_NAME = AccentColor;
				CODE_SIGN_STYLE = Automatic;
				CURRENT_PROJECT_VERSION = 1;
				GENERATE_INFOPLIST_FILE = YES;
				INFOPLIST_FILE = TestTask/Info.plist;
				INFOPLIST_KEY_UIApplicationSupportsIndirectInputEvents = YES;
				INFOPLIST_KEY_UILaunchStoryboardName = LaunchScreen;
				INFOPLIST_KEY_UIMainStoryboardFile = Main;
				INFOPLIST_KEY_UISupportedInterfaceOrientations_iPad = "UIInterfaceOrientationPortrait UIInterfaceOrientationPortraitUpsideDown UIInterfaceOrientationLandscapeLeft UIInterfaceOrientationLandscapeRight";
				INFOPLIST_KEY_UISupportedInterfaceOrientations_iPhone = "UIInterfaceOrientationPortrait UIInterfaceOrientationLandscapeLeft UIInterfaceOrientationLandscapeRight";
				LD_RUNPATH_SEARCH_PATHS = (
					"$(inherited)",
					"@executable_path/Frameworks",
				);
				MARKETING_VERSION = 1.0;
				PRODUCT_BUNDLE_IDENTIFIER = "Konstantin-Kamenchukov.TestTask";
				PRODUCT_NAME = "$(TARGET_NAME)";
				SWIFT_EMIT_LOC_STRINGS = YES;
				SWIFT_VERSION = 5.0;
				TARGETED_DEVICE_FAMILY = "1,2";
			};
			name = Release;
		};
/* End XCBuildConfiguration section */

/* Begin XCConfigurationList section */
		E10BDDAD28C5E25C00B21396 /* Build configuration list for PBXProject "TestTask" */ = {
			isa = XCConfigurationList;
			buildConfigurations = (
				E10BDDC428C5E26500B21396 /* Debug */,
				E10BDDC528C5E26500B21396 /* Release */,
			);
			defaultConfigurationIsVisible = 0;
			defaultConfigurationName = Release;
		};
		E10BDDC628C5E26500B21396 /* Build configuration list for PBXNativeTarget "TestTask" */ = {
			isa = XCConfigurationList;
			buildConfigurations = (
				E10BDDC728C5E26500B21396 /* Debug */,
				E10BDDC828C5E26500B21396 /* Release */,
			);
			defaultConfigurationIsVisible = 0;
			defaultConfigurationName = Release;
		};
/* End XCConfigurationList section */
	};
	rootObject = E10BDDAA28C5E25C00B21396 /* Project object */;
}
